
Microsoft Visual Studio Solution File, Format Version 12.00
# Visual Studio Version 17
VisualStudioVersion = 17.5.33502.453
MinimumVisualStudioVersion = 10.0.40219.1
Project("{FAE04EC0-301F-11D3-BF4B-00C04F79EFBC}") = "pumpfunHunter", "pumpfunHunter.csproj", "{427347B3-9749-4775-9552-BC86FDADBA44}"
EndProject
Global
	GlobalSection(SolutionConfigurationPlatforms) = preSolution
		Debug|Any CPU = Debug|Any CPU
		Release|Any CPU = Release|Any CPU
	EndGlobalSection
	GlobalSection(ProjectConfigurationPlatforms) = postSolution
		{427347B3-9749-4775-9552-BC86FDADBA44}.Debug|Any CPU.ActiveCfg = Debug|Any CPU
		{427347B3-9749-4775-9552-BC86FDADBA44}.Debug|Any CPU.Build.0 = Debug|Any CPU
		{427347B3-9749-4775-9552-BC86FDADBA44}.Release|Any CPU.ActiveCfg = Release|Any CPU
		{427347B3-9749-4775-9552-BC86FDADBA44}.Release|Any CPU.Build.0 = Release|Any CPU
	EndGlobalSection
	GlobalSection(SolutionProperties) = preSolution
		HideSolutionNode = FALSE
	EndGlobalSection
	GlobalSection(ExtensibilityGlobals) = postSolution
		SolutionGuid = {427347B3-9749-4775-9552-BC86FDADBA44}
	EndGlobalSection
EndGlobal
